{
  "name": "examination-consumer",
  "version": "1.0.0",
  "lockfileVersion": 3,
  "requires": true,
  "packages": {
    "": {
      "name": "examination-consumer",
      "version": "1.0.0",
      "dependencies": {
        "@vngamemini/examination": "file:../vngamemini-examination-0.1.0.tgz"
      }
    },
    "node_modules/@vngamemini/examination": {
      "version": "0.1.0",
      "resolved": "file:../vngamemini-examination-0.1.0.tgz",
      "integrity": "sha512-j4XiI9sErDtBEqdQ5diGIsz/cWexKnnF/bLXXeqRYqr9BOxn8W5Hx87aVK7qbbyLjpu6J4J0h7+F9IvEy4SssA==",
      "license": "MIT"
    }
  }
}
